gitlab.com/natitec_public/bora v0.0.0-20250906090000-6401a6476a21 h1:d8a+wI7j3jEuHpnkm2jkE+tcDmR/4Vb4bnL+aGU4jeM=
gitlab.com/natitec_public/bora v0.0.0-20250906090000-6401a6476a21/go.mod h1:dd4FvAsznDMj4Lp5pNAn/QP55rboLbtQonLsJepf72I=
gitlab.com/natitec_public/bora v0.0.0-20250908090000-f0e484377a10 h1:eVVHwtYdoXidhpET2dnwZ9tIOtoq68RhdT+Rb01l8Qk=
gitlab.com/natitec_public/bora v0.0.0-20250908090000-f0e484377a10/go.mod h1:dd4FvAsznDMj4Lp5pNAn/QP55rboLbtQonLsJepf72I=
gitlab.com/natitec_public/bora v0.0.0-20250909090000-5e5e1b18ec85 h1:OL2tdiHfYlHxx9Wp8PMM2aovGzU32cZKpJbtXIxgZas=
gitlab.com/natitec_public/bora v0.0.0-20250909090000-5e5e1b18ec85/go.mod h1:dd4FvAsznDMj4Lp5pNAn/QP55rboLbtQonLsJepf72I=
gitlab.com/natitec_public/bora v0.0.0-20250909140000-9654f4627a90 h1:cPXXXMgJ1/trmK/34MCjxSy8q7s1kdcMxA9gsscQNQo=
gitlab.com/natitec_public/bora v0.0.0-20250909140000-9654f4627a90/go.mod h1:dd4FvAsznDMj4Lp5pNAn/QP55rboLbtQonLsJepf72I=
gitlab.com/natitec_public/bora v0.0.0-20250909160000-5493c4296b26 h1:B7EsGgqsp/vJal48kSQToy6m5DUXnNn1cbrjzp4UafA=
gitlab.com/natitec_public/bora v0.0.0-20250909160000-5493c4296b26/go.mod h1:dd4FvAsznDMj4Lp5pNAn/QP55rboLbtQonLsJepf72I=
gitlab.com/natitec_public/bora v0.0.0-20250909170000-29a4c0337711 h1:ql4CC1h/zWLDFEMVXan/y8Ii/v/k/dbScUd8CBVlsec=
gitlab.com/natitec_public/bora v0.0.0-20250909170000-29a4c0337711/go.mod h1:dd4FvAsznDMj4Lp5pNAn/QP55rboLbtQonLsJepf72I=
gitlab.com/natitec_public/bora v0.0.0-20250909180000-65f8bca14d37 h1:cn94isElf3r9rCLv5MmZ9G9yWJpo/yzPyfwX50E+Rpk=
gitlab.com/natitec_public/bora v0.0.0-20250909180000-65f8bca14d37/go.mod h1:dd4FvAsznDMj4Lp5pNAn/QP55rboLbtQonLsJepf72I=
